<?xml version="1.0" encoding="utf-8"?>
<Project ToolsVersion="4.0" xmlns="http://schemas.microsoft.com/developer/msbuild/2003">
  <ItemGroup>
    <Filter Include="Warmup">
      <UniqueIdentifier>{015a1f62-838e-45e4-8810-6eef09380e84}</UniqueIdentifier>
    </Filter>
    <Filter Include="Implementation">
      <UniqueIdentifier>{08cf06d6-a946-4fcb-91b6-9f51e36dbcb7}</UniqueIdentifier>
    </Filter>
    <Filter Include="Strings">
      <UniqueIdentifier>{8fa4929d-ffb0-4870-8938-9122d83f1ead}</UniqueIdentifier>
    </Filter>
  </ItemGroup>
  <ItemGroup>
    <ClCompile Include="Warmup\SolveMeFirst.hpp">
      <Filter>Warmup</Filter>
    </ClCompile>
    <ClCompile Include="Warmup\CompareTheTriplets.hpp">
      <Filter>Warmup</Filter>
    </ClCompile>
  </ItemGroup>
  <ItemGroup>
    <ClInclude Include="SimpleArraySum.hpp">
      <Filter>Warmup</Filter>
    </ClInclude>
    <ClInclude Include="Implementation\Forming a Magic Square.hpp">
      <Filter>Implementation</Filter>
    </ClInclude>
    <ClInclude Include="Implementation\Extra Long Factorials.hpp">
      <Filter>Implementation</Filter>
    </ClInclude>
    <ClInclude Include="Implementation\NonDivisionSubset.hpp">
      <Filter>Implementation</Filter>
    </ClInclude>
    <ClInclude Include="Implementation\Sherlock and the Valid String.hpp">
      <Filter>Implementation</Filter>
    </ClInclude>
    <ClInclude Include="Implementation\Highest Value Palindrome.hpp">
      <Filter>Implementation</Filter>
    </ClInclude>
  </ItemGroup>
</Project>