<?xml version="1.0" encoding="utf-8"?>
<Project ToolsVersion="4.0" xmlns="http://schemas.microsoft.com/developer/msbuild/2003">
  <ItemGroup>
    <Filter Include="Problems">
      <UniqueIdentifier>{02a4a7f5-0df9-402d-8c76-3fdfe2d48b58}</UniqueIdentifier>
    </Filter>
    <Filter Include="Contests">
      <UniqueIdentifier>{1a3c2177-ec3f-4e3e-b2ab-2f397d84be43}</UniqueIdentifier>
    </Filter>
    <Filter Include="Contests\EducationalCodeforcesRound84_Div2">
      <UniqueIdentifier>{ed58fd6b-a15b-4cf5-9a89-6ffaadc35a43}</UniqueIdentifier>
    </Filter>
    <Filter Include="Contests\CodeforcesRound629_Div3">
      <UniqueIdentifier>{2f8293cc-db42-4f67-9008-b9bea7d46467}</UniqueIdentifier>
    </Filter>
    <Filter Include="Contests\CodeforcesRound630_Div2">
      <UniqueIdentifier>{e22407c8-8867-4923-a841-94a16c0047bd}</UniqueIdentifier>
    </Filter>
  </ItemGroup>
  <ItemGroup>
    <ClInclude Include="Problems\4A.hpp">
      <Filter>Problems</Filter>
    </ClInclude>
    <ClInclude Include="Problems\1A.hpp">
      <Filter>Problems</Filter>
    </ClInclude>
    <ClInclude Include="Problems\71A.hpp">
      <Filter>Problems</Filter>
    </ClInclude>
    <ClInclude Include="Contests\EducationalCodeforcesRound84_Div2\A.hpp">
      <Filter>Contests\EducationalCodeforcesRound84_Div2</Filter>
    </ClInclude>
    <ClInclude Include="Contests\EducationalCodeforcesRound84_Div2\B.hpp">
      <Filter>Contests\EducationalCodeforcesRound84_Div2</Filter>
    </ClInclude>
    <ClInclude Include="Problems\158A.hpp">
      <Filter>Problems</Filter>
    </ClInclude>
    <ClInclude Include="Contests\CodeforcesRound629_Div3\A.hpp">
      <Filter>Contests\CodeforcesRound629_Div3</Filter>
    </ClInclude>
    <ClInclude Include="Contests\CodeforcesRound629_Div3\B.hpp">
      <Filter>Contests\CodeforcesRound629_Div3</Filter>
    </ClInclude>
    <ClInclude Include="Contests\CodeforcesRound629_Div3\C.hpp">
      <Filter>Contests\CodeforcesRound629_Div3</Filter>
    </ClInclude>
    <ClInclude Include="Problems\118A.hpp">
      <Filter>Problems</Filter>
    </ClInclude>
    <ClInclude Include="Problems\231A.hpp">
      <Filter>Problems</Filter>
    </ClInclude>
    <ClInclude Include="Problems\50A.hpp">
      <Filter>Problems</Filter>
    </ClInclude>
    <ClInclude Include="Problems\282A.hpp">
      <Filter>Problems</Filter>
    </ClInclude>
    <ClInclude Include="Contests\CodeforcesRound630_Div2\A.hpp">
      <Filter>Contests\CodeforcesRound630_Div2</Filter>
    </ClInclude>
    <ClInclude Include="Contests\CodeforcesRound630_Div2\B.hpp">
      <Filter>Contests\CodeforcesRound630_Div2</Filter>
    </ClInclude>
    <ClInclude Include="Problems\112A.hpp">
      <Filter>Problems</Filter>
    </ClInclude>
    <ClInclude Include="Problems\263A.hpp">
      <Filter>Problems</Filter>
    </ClInclude>
    <ClInclude Include="Problems\339A.hpp">
      <Filter>Problems</Filter>
    </ClInclude>
    <ClInclude Include="Problems\96A.hpp">
      <Filter>Problems</Filter>
    </ClInclude>
    <ClInclude Include="Problems\281A.hpp">
      <Filter>Problems</Filter>
    </ClInclude>
    <ClInclude Include="Problems\266A.hpp">
      <Filter>Problems</Filter>
    </ClInclude>
    <ClInclude Include="Problems\236A.hpp">
      <Filter>Problems</Filter>
    </ClInclude>
    <ClInclude Include="Problems\69A.hpp">
      <Filter>Problems</Filter>
    </ClInclude>
    <ClInclude Include="Problems\122A.hpp">
      <Filter>Problems</Filter>
    </ClInclude>
  </ItemGroup>
</Project>