<?xml version="1.0" encoding="utf-8"?>
<Project ToolsVersion="4.0" xmlns="http://schemas.microsoft.com/developer/msbuild/2003">
  <ItemGroup>
    <Filter Include="기초100제">
      <UniqueIdentifier>{c6631ff8-6f8a-43f7-ad12-c0b6d467de9e}</UniqueIdentifier>
    </Filter>
    <Filter Include="그리디 알고리즘">
      <UniqueIdentifier>{41eafff7-2e9b-4d2c-ae37-f07f39761036}</UniqueIdentifier>
    </Filter>
    <Filter Include="DFS_BFS">
      <UniqueIdentifier>{3a7a5f6c-7a98-4e07-ba24-682c69142bbb}</UniqueIdentifier>
    </Filter>
    <Filter Include="재귀 함수">
      <UniqueIdentifier>{22e1fa5d-16ac-47e7-8ed1-c5f81dc7a611}</UniqueIdentifier>
    </Filter>
    <Filter Include="탐색기반설계">
      <UniqueIdentifier>{33229a2e-3975-4e96-8513-8ff6d7f5967c}</UniqueIdentifier>
    </Filter>
    <Filter Include="이분 탐색">
      <UniqueIdentifier>{7b3ca619-fc2a-4e5c-952d-e54dd9ede2ad}</UniqueIdentifier>
    </Filter>
    <Filter Include="최단 경로">
      <UniqueIdentifier>{1b4e3757-e5ca-483f-984c-cbc6f2b083f1}</UniqueIdentifier>
    </Filter>
    <Filter Include="UnionFind">
      <UniqueIdentifier>{a923c457-dae7-4a64-96df-cdad13e0a8aa}</UniqueIdentifier>
    </Filter>
    <Filter Include="구조체 연습">
      <UniqueIdentifier>{4e528f92-9288-4800-9a49-0c6454755c89}</UniqueIdentifier>
    </Filter>
    <Filter Include="관계기반설계">
      <UniqueIdentifier>{0df3fb1a-5a08-4aa7-a21d-5265a10d30e9}</UniqueIdentifier>
    </Filter>
    <Filter Include="정올 1번 수준 문제">
      <UniqueIdentifier>{30dbb367-17fe-4ad9-8cdf-a1548881b9f6}</UniqueIdentifier>
    </Filter>
    <Filter Include="스택">
      <UniqueIdentifier>{46ca1b4e-7410-4696-b657-367f4f0b170f}</UniqueIdentifier>
    </Filter>
    <Filter Include="2019 정올1차 대비">
      <UniqueIdentifier>{3860cbec-5d96-4ac6-82a7-1ce027d3bfc0}</UniqueIdentifier>
    </Filter>
    <Filter Include="백트래킹">
      <UniqueIdentifier>{74fa4028-cdb7-4278-870a-4e460505dbfa}</UniqueIdentifier>
    </Filter>
  </ItemGroup>
  <ItemGroup>
    <ClCompile Include="기초100제\1011.hpp">
      <Filter>기초100제</Filter>
    </ClCompile>
  </ItemGroup>
  <ItemGroup>
    <ClInclude Include="기초100제\1012.hpp">
      <Filter>기초100제</Filter>
    </ClInclude>
    <ClInclude Include="기초100제\1013.hpp">
      <Filter>기초100제</Filter>
    </ClInclude>
    <ClInclude Include="기초100제\1014.hpp">
      <Filter>기초100제</Filter>
    </ClInclude>
    <ClInclude Include="기초100제\1015.hpp">
      <Filter>기초100제</Filter>
    </ClInclude>
    <ClInclude Include="기초100제\1017.hpp">
      <Filter>기초100제</Filter>
    </ClInclude>
    <ClInclude Include="기초100제\1018.hpp">
      <Filter>기초100제</Filter>
    </ClInclude>
    <ClInclude Include="기초100제\1019.hpp">
      <Filter>기초100제</Filter>
    </ClInclude>
    <ClInclude Include="기초100제\1020.hpp">
      <Filter>기초100제</Filter>
    </ClInclude>
    <ClInclude Include="기초100제\1021.hpp">
      <Filter>기초100제</Filter>
    </ClInclude>
    <ClInclude Include="기초100제\1022.hpp">
      <Filter>기초100제</Filter>
    </ClInclude>
    <ClInclude Include="기초100제\1023.hpp">
      <Filter>기초100제</Filter>
    </ClInclude>
    <ClInclude Include="기초100제\1024.hpp">
      <Filter>기초100제</Filter>
    </ClInclude>
    <ClInclude Include="기초100제\1025.hpp">
      <Filter>기초100제</Filter>
    </ClInclude>
    <ClInclude Include="기초100제\1026.hpp">
      <Filter>기초100제</Filter>
    </ClInclude>
    <ClInclude Include="기초100제\1027.hpp">
      <Filter>기초100제</Filter>
    </ClInclude>
    <ClInclude Include="기초100제\1028.hpp">
      <Filter>기초100제</Filter>
    </ClInclude>
    <ClInclude Include="기초100제\1029.hpp">
      <Filter>기초100제</Filter>
    </ClInclude>
    <ClInclude Include="기초100제\1030.hpp">
      <Filter>기초100제</Filter>
    </ClInclude>
    <ClInclude Include="기초100제\1031.hpp">
      <Filter>기초100제</Filter>
    </ClInclude>
    <ClInclude Include="기초100제\1032.hpp">
      <Filter>기초100제</Filter>
    </ClInclude>
    <ClInclude Include="기초100제\1033.hpp">
      <Filter>기초100제</Filter>
    </ClInclude>
    <ClInclude Include="기초100제\1034.hpp">
      <Filter>기초100제</Filter>
    </ClInclude>
    <ClInclude Include="기초100제\1035.hpp">
      <Filter>기초100제</Filter>
    </ClInclude>
    <ClInclude Include="기초100제\1036.hpp">
      <Filter>기초100제</Filter>
    </ClInclude>
    <ClInclude Include="기초100제\1037.hpp">
      <Filter>기초100제</Filter>
    </ClInclude>
    <ClInclude Include="기초100제\1038.hpp">
      <Filter>기초100제</Filter>
    </ClInclude>
    <ClInclude Include="기초100제\1039.hpp">
      <Filter>기초100제</Filter>
    </ClInclude>
    <ClInclude Include="기초100제\1040.hpp">
      <Filter>기초100제</Filter>
    </ClInclude>
    <ClInclude Include="기초100제\1041.hpp">
      <Filter>기초100제</Filter>
    </ClInclude>
    <ClInclude Include="기초100제\1042.hpp">
      <Filter>기초100제</Filter>
    </ClInclude>
    <ClInclude Include="기초100제\1043.hpp">
      <Filter>기초100제</Filter>
    </ClInclude>
    <ClInclude Include="기초100제\1044.hpp">
      <Filter>기초100제</Filter>
    </ClInclude>
    <ClInclude Include="기초100제\1045.hpp">
      <Filter>기초100제</Filter>
    </ClInclude>
    <ClInclude Include="기초100제\1046.hpp">
      <Filter>기초100제</Filter>
    </ClInclude>
    <ClInclude Include="기초100제\1047.hpp">
      <Filter>기초100제</Filter>
    </ClInclude>
    <ClInclude Include="기초100제\1048.hpp">
      <Filter>기초100제</Filter>
    </ClInclude>
    <ClInclude Include="기초100제\1049.hpp">
      <Filter>기초100제</Filter>
    </ClInclude>
    <ClInclude Include="기초100제\1050.hpp">
      <Filter>기초100제</Filter>
    </ClInclude>
    <ClInclude Include="기초100제\1052.hpp">
      <Filter>기초100제</Filter>
    </ClInclude>
    <ClInclude Include="기초100제\1051.hpp">
      <Filter>기초100제</Filter>
    </ClInclude>
    <ClInclude Include="기초100제\1053.hpp">
      <Filter>기초100제</Filter>
    </ClInclude>
    <ClInclude Include="기초100제\1054.hpp">
      <Filter>기초100제</Filter>
    </ClInclude>
    <ClInclude Include="기초100제\1055.hpp">
      <Filter>기초100제</Filter>
    </ClInclude>
    <ClInclude Include="기초100제\1056.hpp">
      <Filter>기초100제</Filter>
    </ClInclude>
    <ClInclude Include="기초100제\1057.hpp">
      <Filter>기초100제</Filter>
    </ClInclude>
    <ClInclude Include="기초100제\1058.hpp">
      <Filter>기초100제</Filter>
    </ClInclude>
    <ClInclude Include="기초100제\1059.hpp">
      <Filter>기초100제</Filter>
    </ClInclude>
    <ClInclude Include="기초100제\1060.hpp">
      <Filter>기초100제</Filter>
    </ClInclude>
    <ClInclude Include="기초100제\1061.hpp">
      <Filter>기초100제</Filter>
    </ClInclude>
    <ClInclude Include="기초100제\1062.hpp">
      <Filter>기초100제</Filter>
    </ClInclude>
    <ClInclude Include="기초100제\1063.hpp">
      <Filter>기초100제</Filter>
    </ClInclude>
    <ClInclude Include="기초100제\1064.hpp">
      <Filter>기초100제</Filter>
    </ClInclude>
    <ClInclude Include="기초100제\1065.hpp">
      <Filter>기초100제</Filter>
    </ClInclude>
    <ClInclude Include="기초100제\1066.hpp">
      <Filter>기초100제</Filter>
    </ClInclude>
    <ClInclude Include="기초100제\1067.hpp">
      <Filter>기초100제</Filter>
    </ClInclude>
    <ClInclude Include="기초100제\1068.hpp">
      <Filter>기초100제</Filter>
    </ClInclude>
    <ClInclude Include="기초100제\1069.hpp">
      <Filter>기초100제</Filter>
    </ClInclude>
    <ClInclude Include="기초100제\1070.hpp">
      <Filter>기초100제</Filter>
    </ClInclude>
    <ClInclude Include="기초100제\1071.hpp">
      <Filter>기초100제</Filter>
    </ClInclude>
    <ClInclude Include="기초100제\1072.hpp">
      <Filter>기초100제</Filter>
    </ClInclude>
    <ClInclude Include="기초100제\1073.hpp">
      <Filter>기초100제</Filter>
    </ClInclude>
    <ClInclude Include="기초100제\1074.hpp">
      <Filter>기초100제</Filter>
    </ClInclude>
    <ClInclude Include="기초100제\1075.hpp">
      <Filter>기초100제</Filter>
    </ClInclude>
    <ClInclude Include="기초100제\1076.hpp">
      <Filter>기초100제</Filter>
    </ClInclude>
    <ClInclude Include="기초100제\1077.hpp">
      <Filter>기초100제</Filter>
    </ClInclude>
    <ClInclude Include="기초100제\1078.hpp">
      <Filter>기초100제</Filter>
    </ClInclude>
    <ClInclude Include="기초100제\1079.hpp">
      <Filter>기초100제</Filter>
    </ClInclude>
    <ClInclude Include="기초100제\1080.hpp">
      <Filter>기초100제</Filter>
    </ClInclude>
    <ClInclude Include="기초100제\1081.hpp">
      <Filter>기초100제</Filter>
    </ClInclude>
    <ClInclude Include="기초100제\1082.hpp">
      <Filter>기초100제</Filter>
    </ClInclude>
    <ClInclude Include="기초100제\1083.hpp">
      <Filter>기초100제</Filter>
    </ClInclude>
    <ClInclude Include="기초100제\1084.hpp">
      <Filter>기초100제</Filter>
    </ClInclude>
    <ClInclude Include="기초100제\1085.hpp">
      <Filter>기초100제</Filter>
    </ClInclude>
    <ClInclude Include="기초100제\1086.hpp">
      <Filter>기초100제</Filter>
    </ClInclude>
    <ClInclude Include="기초100제\1087.hpp">
      <Filter>기초100제</Filter>
    </ClInclude>
    <ClInclude Include="기초100제\1088.hpp">
      <Filter>기초100제</Filter>
    </ClInclude>
    <ClInclude Include="기초100제\1089.hpp">
      <Filter>기초100제</Filter>
    </ClInclude>
    <ClInclude Include="기초100제\1090.hpp">
      <Filter>기초100제</Filter>
    </ClInclude>
    <ClInclude Include="기초100제\1091.hpp">
      <Filter>기초100제</Filter>
    </ClInclude>
    <ClInclude Include="기초100제\1092.hpp">
      <Filter>기초100제</Filter>
    </ClInclude>
    <ClInclude Include="기초100제\1093.hpp">
      <Filter>기초100제</Filter>
    </ClInclude>
    <ClInclude Include="기초100제\1094.hpp">
      <Filter>기초100제</Filter>
    </ClInclude>
    <ClInclude Include="기초100제\1095.hpp">
      <Filter>기초100제</Filter>
    </ClInclude>
    <ClInclude Include="기초100제\1096.hpp">
      <Filter>기초100제</Filter>
    </ClInclude>
    <ClInclude Include="기초100제\1097.hpp">
      <Filter>기초100제</Filter>
    </ClInclude>
    <ClInclude Include="기초100제\1098.hpp">
      <Filter>기초100제</Filter>
    </ClInclude>
    <ClInclude Include="기초100제\1099.hpp">
      <Filter>기초100제</Filter>
    </ClInclude>
    <ClInclude Include="그리디 알고리즘\2001.hpp">
      <Filter>그리디 알고리즘</Filter>
    </ClInclude>
    <ClInclude Include="DFS_BFS\2102.hpp">
      <Filter>DFS_BFS</Filter>
    </ClInclude>
    <ClInclude Include="재귀 함수\1901.hpp">
      <Filter>재귀 함수</Filter>
    </ClInclude>
    <ClInclude Include="그리디 알고리즘\3120.hpp">
      <Filter>그리디 알고리즘</Filter>
    </ClInclude>
    <ClInclude Include="탐색기반설계\2623.hpp">
      <Filter>탐색기반설계</Filter>
    </ClInclude>
    <ClInclude Include="그리디 알고리즘\3301.hpp">
      <Filter>그리디 알고리즘</Filter>
    </ClInclude>
    <ClInclude Include="DFS_BFS\2605.hpp">
      <Filter>DFS_BFS</Filter>
    </ClInclude>
    <ClInclude Include="이분 탐색\2629.hpp">
      <Filter>이분 탐색</Filter>
    </ClInclude>
    <ClInclude Include="DFS_BFS\2610.hpp">
      <Filter>DFS_BFS</Filter>
    </ClInclude>
    <ClInclude Include="최단 경로\3215.hpp">
      <Filter>최단 경로</Filter>
    </ClInclude>
    <ClInclude Include="그리디 알고리즘\3321.hpp">
      <Filter>그리디 알고리즘</Filter>
    </ClInclude>
    <ClInclude Include="UnionFind\3270.hpp">
      <Filter>UnionFind</Filter>
    </ClInclude>
    <ClInclude Include="구조체 연습\1805.hpp">
      <Filter>구조체 연습</Filter>
    </ClInclude>
    <ClInclude Include="재귀 함수\1902.hpp">
      <Filter>재귀 함수</Filter>
    </ClInclude>
    <ClInclude Include="탐색기반설계\2625.hpp">
      <Filter>탐색기반설계</Filter>
    </ClInclude>
    <ClInclude Include="관계기반설계\1905.hpp">
      <Filter>관계기반설계</Filter>
    </ClInclude>
    <ClInclude Include="정올 1번 수준 문제\4011.hpp">
      <Filter>정올 1번 수준 문제</Filter>
    </ClInclude>
    <ClInclude Include="스택\1402.hpp">
      <Filter>스택</Filter>
    </ClInclude>
    <ClInclude Include="2019 정올1차 대비\4816.hpp">
      <Filter>2019 정올1차 대비</Filter>
    </ClInclude>
    <ClInclude Include="그리디 알고리즘\4040.hpp">
      <Filter>그리디 알고리즘</Filter>
    </ClInclude>
    <ClInclude Include="DFS_BFS\3212.hpp">
      <Filter>DFS_BFS</Filter>
    </ClInclude>
    <ClInclude Include="백트래킹\2608.hpp">
      <Filter>백트래킹</Filter>
    </ClInclude>
    <ClInclude Include="이분 탐색\2631.hpp">
      <Filter>이분 탐색</Filter>
    </ClInclude>
    <ClInclude Include="재귀 함수\2601.hpp">
      <Filter>재귀 함수</Filter>
    </ClInclude>
  </ItemGroup>
</Project>