<?xml version="1.0" encoding="utf-8"?>
<Project ToolsVersion="4.0" xmlns="http://schemas.microsoft.com/developer/msbuild/2003">
  <ItemGroup>
    <Filter Include="그리디 알고리즘">
      <UniqueIdentifier>{ea2d0288-9e0d-4731-a6f4-d88ff688628d}</UniqueIdentifier>
    </Filter>
    <Filter Include="다이나믹 프로그래밍">
      <UniqueIdentifier>{f3333f0b-6ce9-4926-8635-10eda99ef3c6}</UniqueIdentifier>
    </Filter>
    <Filter Include="출력">
      <UniqueIdentifier>{4450d24b-fe3d-42f2-b01e-01bd18c272b0}</UniqueIdentifier>
    </Filter>
    <Filter Include="스택">
      <UniqueIdentifier>{ff3c0d63-deaf-4952-9944-511d456d922c}</UniqueIdentifier>
    </Filter>
    <Filter Include="큐">
      <UniqueIdentifier>{9a6d4d95-6e19-4280-9d72-04aad659d24c}</UniqueIdentifier>
    </Filter>
    <Filter Include="덱">
      <UniqueIdentifier>{e79083aa-0009-410b-8e12-1c2dfedd3ec4}</UniqueIdentifier>
    </Filter>
    <Filter Include="정렬">
      <UniqueIdentifier>{e3b61776-2fbb-45b0-84ba-d8dafc93b830}</UniqueIdentifier>
    </Filter>
    <Filter Include="DFS_BFS">
      <UniqueIdentifier>{5ea0271b-c989-4a9b-a471-a6a564d804eb}</UniqueIdentifier>
    </Filter>
    <Filter Include="브루트 포스">
      <UniqueIdentifier>{55d013cb-1bfd-4af3-94ec-187da5c403c2}</UniqueIdentifier>
    </Filter>
    <Filter Include="다익스트라">
      <UniqueIdentifier>{731519eb-80a2-43e5-b3dd-765f571d75ba}</UniqueIdentifier>
    </Filter>
    <Filter Include="플로이드 와샬 알고리즘">
      <UniqueIdentifier>{0ccc2af9-1836-432d-80b1-5f487c88ab20}</UniqueIdentifier>
    </Filter>
    <Filter Include="자료구조">
      <UniqueIdentifier>{549e95a7-ead3-401d-ba3d-b2728f9342a0}</UniqueIdentifier>
    </Filter>
    <Filter Include="트리">
      <UniqueIdentifier>{074bcbbd-a347-4e33-b5f7-33a38af34461}</UniqueIdentifier>
    </Filter>
    <Filter Include="구현">
      <UniqueIdentifier>{b5708540-4685-40cc-9914-674a37050913}</UniqueIdentifier>
    </Filter>
    <Filter Include="문자열 처리">
      <UniqueIdentifier>{5ecb910f-816e-47f7-8584-253e2c352462}</UniqueIdentifier>
    </Filter>
    <Filter Include="백트래킹">
      <UniqueIdentifier>{752ec24e-c76e-42ce-b1dd-a2a2483dad41}</UniqueIdentifier>
    </Filter>
    <Filter Include="LIS">
      <UniqueIdentifier>{5e999e35-94e2-4d90-98bf-5201c41ef330}</UniqueIdentifier>
    </Filter>
    <Filter Include="기하알고리즘">
      <UniqueIdentifier>{392168dd-3bba-450f-a594-4e670685ac2a}</UniqueIdentifier>
    </Filter>
    <Filter Include="이분탐색">
      <UniqueIdentifier>{451dc251-3c9d-4660-b5e0-a79cd59bff18}</UniqueIdentifier>
    </Filter>
    <Filter Include="재귀호출">
      <UniqueIdentifier>{0e83045d-c5a0-4073-a755-1fda4244143c}</UniqueIdentifier>
    </Filter>
    <Filter Include="그래프이론">
      <UniqueIdentifier>{5b66d0c1-3f79-4a3d-9d72-d84dfa838c6a}</UniqueIdentifier>
    </Filter>
    <Filter Include="입문용">
      <UniqueIdentifier>{c67052ee-4d17-41f3-969a-1ffd46443ff9}</UniqueIdentifier>
    </Filter>
    <Filter Include="확률">
      <UniqueIdentifier>{b903f92f-8143-40fd-b965-403b3953ed3c}</UniqueIdentifier>
    </Filter>
    <Filter Include="탐색">
      <UniqueIdentifier>{262ebfa7-eb7c-413e-84cf-cccb783de442}</UniqueIdentifier>
    </Filter>
    <Filter Include="조합론">
      <UniqueIdentifier>{7265351e-dbda-440b-bf64-52967e9ba24f}</UniqueIdentifier>
    </Filter>
    <Filter Include="세그먼트트리">
      <UniqueIdentifier>{8c8747bc-832f-49eb-91ae-36d6b65be22b}</UniqueIdentifier>
    </Filter>
    <Filter Include="분할정복">
      <UniqueIdentifier>{33ca3e4d-0d34-4660-977b-eb5c27057ff6}</UniqueIdentifier>
    </Filter>
    <Filter Include="누적 합">
      <UniqueIdentifier>{c3938c44-186d-494d-931e-1d270c7150e5}</UniqueIdentifier>
    </Filter>
    <Filter Include="비트마스크">
      <UniqueIdentifier>{6fc16cc6-3da4-43df-ad5c-f70d57fc0ad1}</UniqueIdentifier>
    </Filter>
    <Filter Include="수학">
      <UniqueIdentifier>{1ec5532a-9e08-4fc4-9e85-33eff6c42998}</UniqueIdentifier>
    </Filter>
  </ItemGroup>
  <ItemGroup>
    <ClInclude Include="그리디 알고리즘\1931.hpp">
      <Filter>그리디 알고리즘</Filter>
    </ClInclude>
    <ClInclude Include="다이나믹 프로그래밍\1463.hpp">
      <Filter>다이나믹 프로그래밍</Filter>
    </ClInclude>
    <ClInclude Include="다이나믹 프로그래밍\2748.hpp">
      <Filter>다이나믹 프로그래밍</Filter>
    </ClInclude>
    <ClInclude Include="그리디 알고리즘\11399.hpp">
      <Filter>그리디 알고리즘</Filter>
    </ClInclude>
    <ClInclude Include="다이나믹 프로그래밍\1003.hpp">
      <Filter>다이나믹 프로그래밍</Filter>
    </ClInclude>
    <ClInclude Include="그리디 알고리즘\10610.hpp">
      <Filter>그리디 알고리즘</Filter>
    </ClInclude>
    <ClInclude Include="다이나믹 프로그래밍\1912.hpp">
      <Filter>다이나믹 프로그래밍</Filter>
    </ClInclude>
    <ClInclude Include="그리디 알고리즘\2217.hpp">
      <Filter>그리디 알고리즘</Filter>
    </ClInclude>
    <ClInclude Include="다이나믹 프로그래밍\11726.hpp">
      <Filter>다이나믹 프로그래밍</Filter>
    </ClInclude>
    <ClInclude Include="그리디 알고리즘\2875.hpp">
      <Filter>그리디 알고리즘</Filter>
    </ClInclude>
    <ClInclude Include="다이나믹 프로그래밍\10844.hpp">
      <Filter>다이나믹 프로그래밍</Filter>
    </ClInclude>
    <ClInclude Include="그리디 알고리즘\1946.hpp">
      <Filter>다이나믹 프로그래밍</Filter>
    </ClInclude>
    <ClInclude Include="다이나믹 프로그래밍\2579.hpp">
      <Filter>다이나믹 프로그래밍</Filter>
    </ClInclude>
    <ClInclude Include="그리디 알고리즘\1049.hpp">
      <Filter>그리디 알고리즘</Filter>
    </ClInclude>
    <ClInclude Include="다이나믹 프로그래밍\2156.hpp">
      <Filter>다이나믹 프로그래밍</Filter>
    </ClInclude>
    <ClInclude Include="그리디 알고리즘\5585.hpp">
      <Filter>그리디 알고리즘</Filter>
    </ClInclude>
    <ClInclude Include="다이나믹 프로그래밍\2193.hpp">
      <Filter>다이나믹 프로그래밍</Filter>
    </ClInclude>
    <ClInclude Include="그리디 알고리즘\1541.hpp">
      <Filter>그리디 알고리즘</Filter>
    </ClInclude>
    <ClInclude Include="그리디 알고리즘\1120.hpp">
      <Filter>그리디 알고리즘</Filter>
    </ClInclude>
    <ClInclude Include="다이나믹 프로그래밍\11053.hpp">
      <Filter>다이나믹 프로그래밍</Filter>
    </ClInclude>
    <ClInclude Include="그리디 알고리즘\1202.hpp">
      <Filter>그리디 알고리즘</Filter>
    </ClInclude>
    <ClInclude Include="다이나믹 프로그래밍\1149.hpp">
      <Filter>다이나믹 프로그래밍</Filter>
    </ClInclude>
    <ClInclude Include="그리디 알고리즘\1700.hpp">
      <Filter>그리디 알고리즘</Filter>
    </ClInclude>
    <ClInclude Include="다이나믹 프로그래밍\9095.hpp">
      <Filter>다이나믹 프로그래밍</Filter>
    </ClInclude>
    <ClInclude Include="그리디 알고리즘\2529.hpp">
      <Filter>그리디 알고리즘</Filter>
    </ClInclude>
    <ClInclude Include="출력\11718.hpp">
      <Filter>출력</Filter>
    </ClInclude>
    <ClInclude Include="스택\10828.hpp">
      <Filter>스택</Filter>
    </ClInclude>
    <ClInclude Include="큐\10845.hpp">
      <Filter>큐</Filter>
    </ClInclude>
    <ClInclude Include="덱\10866.hpp">
      <Filter>덱</Filter>
    </ClInclude>
    <ClInclude Include="정렬\11650.hpp">
      <Filter>정렬</Filter>
    </ClInclude>
    <ClInclude Include="그리디 알고리즘\2352.hpp">
      <Filter>그리디 알고리즘</Filter>
    </ClInclude>
    <ClInclude Include="다이나믹 프로그래밍\1932.hpp">
      <Filter>다이나믹 프로그래밍</Filter>
    </ClInclude>
    <ClInclude Include="그리디 알고리즘\1080.hpp">
      <Filter>그리디 알고리즘</Filter>
    </ClInclude>
    <ClInclude Include="다이나믹 프로그래밍\2294.hpp">
      <Filter>다이나믹 프로그래밍</Filter>
    </ClInclude>
    <ClInclude Include="그리디 알고리즘\3109.hpp">
      <Filter>그리디 알고리즘</Filter>
    </ClInclude>
    <ClInclude Include="다이나믹 프로그래밍\1904.hpp">
      <Filter>다이나믹 프로그래밍</Filter>
    </ClInclude>
    <ClInclude Include="다이나믹 프로그래밍\9465.hpp">
      <Filter>다이나믹 프로그래밍</Filter>
    </ClInclude>
    <ClInclude Include="다이나믹 프로그래밍\1965.hpp">
      <Filter>다이나믹 프로그래밍</Filter>
    </ClInclude>
    <ClInclude Include="다이나믹 프로그래밍\2565.hpp">
      <Filter>다이나믹 프로그래밍</Filter>
    </ClInclude>
    <ClInclude Include="다이나믹 프로그래밍\11054.hpp">
      <Filter>다이나믹 프로그래밍</Filter>
    </ClInclude>
    <ClInclude Include="그리디 알고리즘\2812.hpp">
      <Filter>그리디 알고리즘</Filter>
    </ClInclude>
    <ClInclude Include="다이나믹 프로그래밍\14501.hpp">
      <Filter>다이나믹 프로그래밍</Filter>
    </ClInclude>
    <ClInclude Include="그리디 알고리즘\1543.hpp">
      <Filter>그리디 알고리즘</Filter>
    </ClInclude>
    <ClInclude Include="다이나믹 프로그래밍\9461.hpp">
      <Filter>다이나믹 프로그래밍</Filter>
    </ClInclude>
    <ClInclude Include="그리디 알고리즘\2437.hpp">
      <Filter>그리디 알고리즘</Filter>
    </ClInclude>
    <ClInclude Include="다이나믹 프로그래밍\1520.hpp">
      <Filter>다이나믹 프로그래밍</Filter>
    </ClInclude>
    <ClInclude Include="그리디 알고리즘\4796.hpp">
      <Filter>그리디 알고리즘</Filter>
    </ClInclude>
    <ClInclude Include="그리디 알고리즘\1789.hpp">
      <Filter>그리디 알고리즘</Filter>
    </ClInclude>
    <ClInclude Include="그리디 알고리즘\13305.hpp">
      <Filter>그리디 알고리즘</Filter>
    </ClInclude>
    <ClInclude Include="그리디 알고리즘\1449.hpp">
      <Filter>그리디 알고리즘</Filter>
    </ClInclude>
    <ClInclude Include="그리디 알고리즘\11000.hpp">
      <Filter>그리디 알고리즘</Filter>
    </ClInclude>
    <ClInclude Include="그리디 알고리즘\1744.hpp">
      <Filter>그리디 알고리즘</Filter>
    </ClInclude>
    <ClInclude Include="다이나믹 프로그래밍\2293.hpp">
      <Filter>다이나믹 프로그래밍</Filter>
    </ClInclude>
    <ClInclude Include="그리디 알고리즘\9576.hpp">
      <Filter>그리디 알고리즘</Filter>
    </ClInclude>
    <ClInclude Include="다이나믹 프로그래밍\2011.hpp">
      <Filter>다이나믹 프로그래밍</Filter>
    </ClInclude>
    <ClInclude Include="그리디 알고리즘\1783.hpp">
      <Filter>그리디 알고리즘</Filter>
    </ClInclude>
    <ClInclude Include="다이나믹 프로그래밍\11727.hpp">
      <Filter>다이나믹 프로그래밍</Filter>
    </ClInclude>
    <ClInclude Include="그리디 알고리즘\1969.hpp">
      <Filter>그리디 알고리즘</Filter>
    </ClInclude>
    <ClInclude Include="다이나믹 프로그래밍\1010.hpp">
      <Filter>다이나믹 프로그래밍</Filter>
    </ClInclude>
    <ClInclude Include="그리디 알고리즘\1041.hpp">
      <Filter>그리디 알고리즘</Filter>
    </ClInclude>
    <ClInclude Include="다이나믹 프로그래밍\2315.hpp">
      <Filter>다이나믹 프로그래밍</Filter>
    </ClInclude>
    <ClInclude Include="그리디 알고리즘\2665.hpp">
      <Filter>그리디 알고리즘</Filter>
    </ClInclude>
    <ClInclude Include="다이나믹 프로그래밍\1890.hpp">
      <Filter>다이나믹 프로그래밍</Filter>
    </ClInclude>
    <ClInclude Include="DFS_BFS\1260.hpp">
      <Filter>DFS_BFS</Filter>
    </ClInclude>
    <ClInclude Include="DFS_BFS\10451.hpp">
      <Filter>DFS_BFS</Filter>
    </ClInclude>
    <ClInclude Include="DFS_BFS\2606.hpp">
      <Filter>DFS_BFS</Filter>
    </ClInclude>
    <ClInclude Include="DFS_BFS\2667.hpp">
      <Filter>DFS_BFS</Filter>
    </ClInclude>
    <ClInclude Include="DFS_BFS\4963.hpp">
      <Filter>DFS_BFS</Filter>
    </ClInclude>
    <ClInclude Include="DFS_BFS\2583.hpp">
      <Filter>DFS_BFS</Filter>
    </ClInclude>
    <ClInclude Include="DFS_BFS\2468.hpp">
      <Filter>DFS_BFS</Filter>
    </ClInclude>
    <ClInclude Include="DFS_BFS\1389.hpp">
      <Filter>DFS_BFS</Filter>
    </ClInclude>
    <ClInclude Include="DFS_BFS\7576.hpp">
      <Filter>DFS_BFS</Filter>
    </ClInclude>
    <ClInclude Include="DFS_BFS\2178.hpp">
      <Filter>DFS_BFS</Filter>
    </ClInclude>
    <ClInclude Include="DFS_BFS\2206.hpp">
      <Filter>DFS_BFS</Filter>
    </ClInclude>
    <ClInclude Include="그리디 알고리즘\1138.hpp">
      <Filter>그리디 알고리즘</Filter>
    </ClInclude>
    <ClInclude Include="다이나믹 프로그래밍\11052.hpp">
      <Filter>다이나믹 프로그래밍</Filter>
    </ClInclude>
    <ClInclude Include="그리디 알고리즘\1507.hpp">
      <Filter>그리디 알고리즘</Filter>
    </ClInclude>
    <ClInclude Include="다이나믹 프로그래밍\11057.hpp">
      <Filter>다이나믹 프로그래밍</Filter>
    </ClInclude>
    <ClInclude Include="그리디 알고리즘\2873.hpp">
      <Filter>그리디 알고리즘</Filter>
    </ClInclude>
    <ClInclude Include="다이나믹 프로그래밍\1699.hpp">
      <Filter>다이나믹 프로그래밍</Filter>
    </ClInclude>
    <ClInclude Include="다이나믹 프로그래밍\2133.hpp">
      <Filter>다이나믹 프로그래밍</Filter>
    </ClInclude>
    <ClInclude Include="그리디 알고리즘\8980.hpp">
      <Filter>그리디 알고리즘</Filter>
    </ClInclude>
    <ClInclude Include="다이나믹 프로그래밍\11051.hpp">
      <Filter>다이나믹 프로그래밍</Filter>
    </ClInclude>
    <ClInclude Include="그리디 알고리즘\1201.hpp">
      <Filter>그리디 알고리즘</Filter>
    </ClInclude>
    <ClInclude Include="다이나믹 프로그래밍\9251.hpp">
      <Filter>다이나믹 프로그래밍</Filter>
    </ClInclude>
    <ClInclude Include="그리디 알고리즘\1092.hpp">
      <Filter>그리디 알고리즘</Filter>
    </ClInclude>
    <ClInclude Include="브루트 포스\2231.hpp">
      <Filter>브루트 포스</Filter>
    </ClInclude>
    <ClInclude Include="브루트 포스\1526.hpp">
      <Filter>브루트 포스</Filter>
    </ClInclude>
    <ClInclude Include="브루트 포스\1018.hpp">
      <Filter>브루트 포스</Filter>
    </ClInclude>
    <ClInclude Include="브루트 포스\1065.hpp">
      <Filter>브루트 포스</Filter>
    </ClInclude>
    <ClInclude Include="브루트 포스\14500.hpp">
      <Filter>브루트 포스</Filter>
    </ClInclude>
    <ClInclude Include="브루트 포스\6603.hpp">
      <Filter>브루트 포스</Filter>
    </ClInclude>
    <ClInclude Include="브루트 포스\1759.hpp">
      <Filter>브루트 포스</Filter>
    </ClInclude>
    <ClInclude Include="브루트 포스\1987.hpp">
      <Filter>브루트 포스</Filter>
    </ClInclude>
    <ClInclude Include="브루트 포스\15684.hpp">
      <Filter>브루트 포스</Filter>
    </ClInclude>
    <ClInclude Include="브루트 포스\2661.hpp">
      <Filter>브루트 포스</Filter>
    </ClInclude>
    <ClInclude Include="브루트 포스\2239.hpp">
      <Filter>브루트 포스</Filter>
    </ClInclude>
    <ClInclude Include="그리디 알고리즘\1781.hpp">
      <Filter>그리디 알고리즘</Filter>
    </ClInclude>
    <ClInclude Include="다이나믹 프로그래밍\1937.hpp">
      <Filter>다이나믹 프로그래밍</Filter>
    </ClInclude>
    <ClInclude Include="DFS_BFS\1697.hpp">
      <Filter>DFS_BFS</Filter>
    </ClInclude>
    <ClInclude Include="다익스트라\1753.hpp">
      <Filter>다익스트라</Filter>
    </ClInclude>
    <ClInclude Include="플로이드 와샬 알고리즘\11403.hpp">
      <Filter>플로이드 와샬 알고리즘</Filter>
    </ClInclude>
    <ClInclude Include="자료구조\1620.hpp">
      <Filter>자료구조</Filter>
    </ClInclude>
    <ClInclude Include="정렬\10989.hpp">
      <Filter>정렬</Filter>
    </ClInclude>
    <ClInclude Include="트리\1991.hpp">
      <Filter>트리</Filter>
    </ClInclude>
    <ClInclude Include="브루트 포스\2309.hpp">
      <Filter>브루트 포스</Filter>
    </ClInclude>
    <ClInclude Include="구현\2839.hpp">
      <Filter>구현</Filter>
    </ClInclude>
    <ClInclude Include="문자열 처리\1152.hpp">
      <Filter>문자열 처리</Filter>
    </ClInclude>
    <ClInclude Include="백트래킹\2580.hpp">
      <Filter>백트래킹</Filter>
    </ClInclude>
    <ClInclude Include="그리디 알고리즘\1114.hpp">
      <Filter>그리디 알고리즘</Filter>
    </ClInclude>
    <ClInclude Include="LIS\1365.hpp">
      <Filter>LIS</Filter>
    </ClInclude>
    <ClInclude Include="정렬\1181.hpp">
      <Filter>정렬</Filter>
    </ClInclude>
    <ClInclude Include="백트래킹\9663.hpp">
      <Filter>백트래킹</Filter>
    </ClInclude>
    <ClInclude Include="수학\1016.hpp">
      <Filter>수학</Filter>
    </ClInclude>
    <ClInclude Include="기하알고리즘\1002.hpp">
      <Filter>기하알고리즘</Filter>
    </ClInclude>
    <ClInclude Include="다이나믹 프로그래밍\2163.hpp">
      <Filter>다이나믹 프로그래밍</Filter>
    </ClInclude>
    <ClInclude Include="플로이드 와샬 알고리즘\11404.hpp">
      <Filter>플로이드 와샬 알고리즘</Filter>
    </ClInclude>
    <ClInclude Include="수학\1000.hpp">
      <Filter>수학</Filter>
    </ClInclude>
    <ClInclude Include="DFS_BFS\1012.hpp">
      <Filter>DFS_BFS</Filter>
    </ClInclude>
    <ClInclude Include="스택\9012.hpp">
      <Filter>스택</Filter>
    </ClInclude>
    <ClInclude Include="그리디 알고리즘\1439.hpp">
      <Filter>그리디 알고리즘</Filter>
    </ClInclude>
    <ClInclude Include="트리\1068.hpp">
      <Filter>트리</Filter>
    </ClInclude>
    <ClInclude Include="LIS\11055.hpp">
      <Filter>LIS</Filter>
    </ClInclude>
    <ClInclude Include="이분탐색\1920.hpp">
      <Filter>이분탐색</Filter>
    </ClInclude>
    <ClInclude Include="재귀호출\1914.hpp">
      <Filter>재귀호출</Filter>
    </ClInclude>
    <ClInclude Include="수학\1978.hpp">
      <Filter>수학</Filter>
    </ClInclude>
    <ClInclude Include="수학\3053.hpp">
      <Filter>수학</Filter>
    </ClInclude>
    <ClInclude Include="문자열 처리\2941.hpp">
      <Filter>문자열 처리</Filter>
    </ClInclude>
    <ClInclude Include="스택\10799.hpp">
      <Filter>스택</Filter>
    </ClInclude>
    <ClInclude Include="그래프이론\5567.hpp">
      <Filter>그래프이론</Filter>
    </ClInclude>
    <ClInclude Include="수학\2869.hpp">
      <Filter>수학</Filter>
    </ClInclude>
    <ClInclude Include="문자열 처리\10809.hpp">
      <Filter>문자열 처리</Filter>
    </ClInclude>
    <ClInclude Include="정렬\11004.hpp">
      <Filter>정렬</Filter>
    </ClInclude>
    <ClInclude Include="다이나믹 프로그래밍\2167.hpp">
      <Filter>다이나믹 프로그래밍</Filter>
    </ClInclude>
    <ClInclude Include="구현\4948.hpp">
      <Filter>구현</Filter>
    </ClInclude>
    <ClInclude Include="수학\1712.hpp">
      <Filter>수학</Filter>
    </ClInclude>
    <ClInclude Include="입문용\4673.hpp">
      <Filter>입문용</Filter>
    </ClInclude>
    <ClInclude Include="정렬\1427.hpp">
      <Filter>정렬</Filter>
    </ClInclude>
    <ClInclude Include="정렬\10814.hpp">
      <Filter>정렬</Filter>
    </ClInclude>
    <ClInclude Include="다이나믹 프로그래밍\10942.hpp">
      <Filter>다이나믹 프로그래밍</Filter>
    </ClInclude>
    <ClInclude Include="이분탐색\2805.hpp">
      <Filter>이분탐색</Filter>
    </ClInclude>
    <ClInclude Include="문자열 처리\1157.hpp">
      <Filter>문자열 처리</Filter>
    </ClInclude>
    <ClInclude Include="플로이드 와샬 알고리즘\1238.hpp">
      <Filter>플로이드 와샬 알고리즘</Filter>
    </ClInclude>
    <ClInclude Include="다이나믹 프로그래밍\1915.hpp">
      <Filter>다이나믹 프로그래밍</Filter>
    </ClInclude>
    <ClInclude Include="다이나믹 프로그래밍\5557.hpp">
      <Filter>다이나믹 프로그래밍</Filter>
    </ClInclude>
    <ClInclude Include="DFS_BFS\13460.hpp">
      <Filter>DFS_BFS</Filter>
    </ClInclude>
    <ClInclude Include="그리디 알고리즘\2212.hpp">
      <Filter>그리디 알고리즘</Filter>
    </ClInclude>
    <ClInclude Include="기하알고리즘\2162.hpp">
      <Filter>기하알고리즘</Filter>
    </ClInclude>
    <ClInclude Include="정렬\1026.hpp">
      <Filter>정렬</Filter>
    </ClInclude>
    <ClInclude Include="확률\13251.hpp">
      <Filter>확률</Filter>
    </ClInclude>
    <ClInclude Include="DFS_BFS\1707.hpp">
      <Filter>DFS_BFS</Filter>
    </ClInclude>
    <ClInclude Include="브루트 포스\2596.hpp">
      <Filter>브루트 포스</Filter>
    </ClInclude>
    <ClInclude Include="수학\14490.hpp">
      <Filter>수학</Filter>
    </ClInclude>
    <ClInclude Include="스택\2504.hpp">
      <Filter>스택</Filter>
    </ClInclude>
    <ClInclude Include="그리디 알고리즘\11985.hpp">
      <Filter>그리디 알고리즘</Filter>
    </ClInclude>
    <ClInclude Include="수학\10164.hpp">
      <Filter>수학</Filter>
    </ClInclude>
    <ClInclude Include="그래프이론\11812.hpp">
      <Filter>그래프이론</Filter>
    </ClInclude>
    <ClInclude Include="그리디 알고리즘\2513.hpp">
      <Filter>그리디 알고리즘</Filter>
    </ClInclude>
    <ClInclude Include="DFS_BFS\15573.hpp">
      <Filter>DFS_BFS</Filter>
    </ClInclude>
    <ClInclude Include="그래프이론\1162.hpp">
      <Filter>그래프이론</Filter>
    </ClInclude>
    <ClInclude Include="그리디 알고리즘\2879.hpp">
      <Filter>그리디 알고리즘</Filter>
    </ClInclude>
    <ClInclude Include="다이나믹 프로그래밍\2098.hpp">
      <Filter>다이나믹 프로그래밍</Filter>
    </ClInclude>
    <ClInclude Include="다이나믹 프로그래밍\11048.hpp">
      <Filter>다이나믹 프로그래밍</Filter>
    </ClInclude>
    <ClInclude Include="수학\9550.hpp">
      <Filter>수학</Filter>
    </ClInclude>
    <ClInclude Include="브루트 포스\1213.hpp">
      <Filter>브루트 포스</Filter>
    </ClInclude>
    <ClInclude Include="다이나믹 프로그래밍\1633.hpp">
      <Filter>다이나믹 프로그래밍</Filter>
    </ClInclude>
    <ClInclude Include="다이나믹 프로그래밍\2655.hpp">
      <Filter>다이나믹 프로그래밍</Filter>
    </ClInclude>
    <ClInclude Include="DFS_BFS\1445.hpp">
      <Filter>DFS_BFS</Filter>
    </ClInclude>
    <ClInclude Include="정렬\1015.hpp">
      <Filter>정렬</Filter>
    </ClInclude>
    <ClInclude Include="다이나믹 프로그래밍\6101.hpp">
      <Filter>다이나믹 프로그래밍</Filter>
    </ClInclude>
    <ClInclude Include="다이나믹 프로그래밍\11722.hpp">
      <Filter>다이나믹 프로그래밍</Filter>
    </ClInclude>
    <ClInclude Include="구현\8320.hpp">
      <Filter>구현</Filter>
    </ClInclude>
    <ClInclude Include="그리디 알고리즘\13702.hpp">
      <Filter>그리디 알고리즘</Filter>
    </ClInclude>
    <ClInclude Include="다익스트라\14496.hpp">
      <Filter>다익스트라</Filter>
    </ClInclude>
    <ClInclude Include="그래프이론\19535.hpp">
      <Filter>그래프이론</Filter>
    </ClInclude>
    <ClInclude Include="다이나믹 프로그래밍\2225.hpp">
      <Filter>다이나믹 프로그래밍</Filter>
    </ClInclude>
    <ClInclude Include="다이나믹 프로그래밍\1309.hpp">
      <Filter>다이나믹 프로그래밍</Filter>
    </ClInclude>
    <ClInclude Include="DFS_BFS\11724.hpp">
      <Filter>DFS_BFS</Filter>
    </ClInclude>
    <ClInclude Include="문자열 처리\2908.hpp">
      <Filter>문자열 처리</Filter>
    </ClInclude>
    <ClInclude Include="정렬\11651.hpp">
      <Filter>정렬</Filter>
    </ClInclude>
    <ClInclude Include="자료구조\9375.hpp">
      <Filter>자료구조</Filter>
    </ClInclude>
    <ClInclude Include="이분탐색\10815.hpp">
      <Filter>이분탐색</Filter>
    </ClInclude>
    <ClInclude Include="다이나믹 프로그래밍\6359.hpp">
      <Filter>다이나믹 프로그래밍</Filter>
    </ClInclude>
    <ClInclude Include="문자열 처리\1316.hpp">
      <Filter>문자열 처리</Filter>
    </ClInclude>
    <ClInclude Include="재귀호출\1074.hpp">
      <Filter>재귀호출</Filter>
    </ClInclude>
    <ClInclude Include="다이나믹 프로그래밍\11066.hpp">
      <Filter>다이나믹 프로그래밍</Filter>
    </ClInclude>
    <ClInclude Include="수학\1475.hpp">
      <Filter>수학</Filter>
    </ClInclude>
    <ClInclude Include="수학\11966.hpp">
      <Filter>수학</Filter>
    </ClInclude>
    <ClInclude Include="문자열 처리\17413.hpp">
      <Filter>문자열 처리</Filter>
    </ClInclude>
    <ClInclude Include="수학\19539.hpp">
      <Filter>수학</Filter>
    </ClInclude>
    <ClInclude Include="그리디 알고리즘\17162.hpp">
      <Filter>그리디 알고리즘</Filter>
    </ClInclude>
    <ClInclude Include="수학\15997.hpp">
      <Filter>수학</Filter>
    </ClInclude>
    <ClInclude Include="DFS_BFS\16920.hpp">
      <Filter>DFS_BFS</Filter>
    </ClInclude>
    <ClInclude Include="다익스트라\1916.hpp">
      <Filter>다익스트라</Filter>
    </ClInclude>
    <ClInclude Include="LIS\2568.hpp">
      <Filter>LIS</Filter>
    </ClInclude>
    <ClInclude Include="탐색\1100.hpp">
      <Filter>탐색</Filter>
    </ClInclude>
    <ClInclude Include="다이나믹 프로그래밍\2096.hpp">
      <Filter>다이나믹 프로그래밍</Filter>
    </ClInclude>
    <ClInclude Include="조합론\2775.hpp">
      <Filter>조합론</Filter>
    </ClInclude>
    <ClInclude Include="DFS_BFS\14502.hpp">
      <Filter>DFS_BFS</Filter>
    </ClInclude>
    <ClInclude Include="세그먼트트리\2042.hpp">
      <Filter>세그먼트트리</Filter>
    </ClInclude>
    <ClInclude Include="분할정복\2447.hpp">
      <Filter>분할정복</Filter>
    </ClInclude>
    <ClInclude Include="브루트 포스\2798.hpp">
      <Filter>브루트 포스</Filter>
    </ClInclude>
    <ClInclude Include="기하알고리즘\1708.hpp">
      <Filter>기하알고리즘</Filter>
    </ClInclude>
    <ClInclude Include="스택\10773.hpp">
      <Filter>스택</Filter>
    </ClInclude>
    <ClInclude Include="다이나믹 프로그래밍\9655.hpp">
      <Filter>다이나믹 프로그래밍</Filter>
    </ClInclude>
    <ClInclude Include="그리디 알고리즘\1339.hpp">
      <Filter>그리디 알고리즘</Filter>
    </ClInclude>
    <ClInclude Include="자료구조\1158.hpp">
      <Filter>자료구조</Filter>
    </ClInclude>
    <ClInclude Include="기하알고리즘\11758.hpp">
      <Filter>기하알고리즘</Filter>
    </ClInclude>
    <ClInclude Include="이분탐색\1654.hpp">
      <Filter>이분탐색</Filter>
    </ClInclude>
    <ClInclude Include="다이나믹 프로그래밍\10870.hpp">
      <Filter>다이나믹 프로그래밍</Filter>
    </ClInclude>
    <ClInclude Include="다이나믹 프로그래밍\12865.hpp">
      <Filter>다이나믹 프로그래밍</Filter>
    </ClInclude>
    <ClInclude Include="문자열 처리\11656.hpp">
      <Filter>문자열 처리</Filter>
    </ClInclude>
    <ClInclude Include="조합론\11050.hpp">
      <Filter>조합론</Filter>
    </ClInclude>
    <ClInclude Include="DFS_BFS\7569.hpp">
      <Filter>DFS_BFS</Filter>
    </ClInclude>
    <ClInclude Include="문자열 처리\6581.hpp">
      <Filter>문자열 처리</Filter>
    </ClInclude>
    <ClInclude Include="문자열 처리\11721.hpp">
      <Filter>문자열 처리</Filter>
    </ClInclude>
    <ClInclude Include="다이나믹 프로그래밍\11060.hpp">
      <Filter>다이나믹 프로그래밍</Filter>
    </ClInclude>
    <ClInclude Include="수학\1001.hpp">
      <Filter>수학</Filter>
    </ClInclude>
    <ClInclude Include="구현\2750.hpp">
      <Filter>구현</Filter>
    </ClInclude>
    <ClInclude Include="다이나믹 프로그래밍\1005.hpp">
      <Filter>다이나믹 프로그래밍</Filter>
    </ClInclude>
    <ClInclude Include="누적 합\11659.hpp">
      <Filter>누적 합</Filter>
    </ClInclude>
    <ClInclude Include="누적 합\11660.hpp">
      <Filter>누적 합</Filter>
    </ClInclude>
    <ClInclude Include="수학\2884.hpp">
      <Filter>수학</Filter>
    </ClInclude>
    <ClInclude Include="다이나믹 프로그래밍\9507.hpp">
      <Filter>다이나믹 프로그래밍</Filter>
    </ClInclude>
    <ClInclude Include="구현\1009.hpp">
      <Filter>구현</Filter>
    </ClInclude>
    <ClInclude Include="스택\1874.hpp">
      <Filter>스택</Filter>
    </ClInclude>
    <ClInclude Include="DFS_BFS\10026.hpp">
      <Filter>DFS_BFS</Filter>
    </ClInclude>
    <ClInclude Include="자료구조\1927.hpp">
      <Filter>자료구조</Filter>
    </ClInclude>
    <ClInclude Include="문자열 처리\11719.hpp">
      <Filter>문자열 처리</Filter>
    </ClInclude>
    <ClInclude Include="수학\1100.hpp">
      <Filter>수학</Filter>
    </ClInclude>
    <ClInclude Include="수학\2577.hpp">
      <Filter>수학</Filter>
    </ClInclude>
    <ClInclude Include="자료구조\2164.hpp">
      <Filter>자료구조</Filter>
    </ClInclude>
    <ClInclude Include="다이나믹 프로그래밍\2407.hpp">
      <Filter>다이나믹 프로그래밍</Filter>
    </ClInclude>
    <ClInclude Include="수학\10952.hpp">
      <Filter>수학</Filter>
    </ClInclude>
    <ClInclude Include="자료구조\5052.hpp">
      <Filter>자료구조</Filter>
    </ClInclude>
    <ClInclude Include="기하알고리즘\2166.hpp">
      <Filter>기하알고리즘</Filter>
    </ClInclude>
    <ClInclude Include="수학\4344.hpp">
      <Filter>수학</Filter>
    </ClInclude>
    <ClInclude Include="자료구조\1966.hpp">
      <Filter>자료구조</Filter>
    </ClInclude>
    <ClInclude Include="분할정복\2630.hpp">
      <Filter>분할정복</Filter>
    </ClInclude>
    <ClInclude Include="그래프이론\1613.hpp">
      <Filter>그래프이론</Filter>
    </ClInclude>
    <ClInclude Include="브루트 포스\7568.hpp">
      <Filter>브루트 포스</Filter>
    </ClInclude>
    <ClInclude Include="플로이드 와샬 알고리즘\14938.hpp">
      <Filter>플로이드 와샬 알고리즘</Filter>
    </ClInclude>
    <ClInclude Include="플로이드 와샬 알고리즘\17182.hpp">
      <Filter>플로이드 와샬 알고리즘</Filter>
    </ClInclude>
    <ClInclude Include="다익스트라\4485.hpp">
      <Filter>다익스트라</Filter>
    </ClInclude>
    <ClInclude Include="다익스트라\10217.hpp">
      <Filter>다익스트라</Filter>
    </ClInclude>
    <ClInclude Include="수학\1546.hpp">
      <Filter>수학</Filter>
    </ClInclude>
    <ClInclude Include="DFS_BFS\7562.hpp">
      <Filter>DFS_BFS</Filter>
    </ClInclude>
    <ClInclude Include="수학\1929.hpp">
      <Filter>수학</Filter>
    </ClInclude>
    <ClInclude Include="수학\2609.hpp">
      <Filter>수학</Filter>
    </ClInclude>
    <ClInclude Include="수학\10818.hpp">
      <Filter>수학</Filter>
    </ClInclude>
    <ClInclude Include="자료구조\11866.hpp">
      <Filter>자료구조</Filter>
    </ClInclude>
    <ClInclude Include="수학\2292.hpp">
      <Filter>수학</Filter>
    </ClInclude>
    <ClInclude Include="수학\1008.hpp">
      <Filter>수학</Filter>
    </ClInclude>
    <ClInclude Include="수학\10950.hpp">
      <Filter>수학</Filter>
    </ClInclude>
    <ClInclude Include="수학\11021.hpp">
      <Filter>수학</Filter>
    </ClInclude>
    <ClInclude Include="수학\2588.hpp">
      <Filter>수학</Filter>
    </ClInclude>
    <ClInclude Include="다이나믹 프로그래밍\9084.hpp">
      <Filter>다이나믹 프로그래밍</Filter>
    </ClInclude>
    <ClInclude Include="문자열 처리\11720.hpp">
      <Filter>문자열 처리</Filter>
    </ClInclude>
    <ClInclude Include="수학\10871.hpp">
      <Filter>수학</Filter>
    </ClInclude>
    <ClInclude Include="수학\10951.hpp">
      <Filter>수학</Filter>
    </ClInclude>
    <ClInclude Include="자료구조\1406.hpp">
      <Filter>자료구조</Filter>
    </ClInclude>
    <ClInclude Include="덱\1021.hpp">
      <Filter>덱</Filter>
    </ClInclude>
    <ClInclude Include="수학\11050.hpp">
      <Filter>수학</Filter>
    </ClInclude>
    <ClInclude Include="수학\11401.hpp">
      <Filter>수학</Filter>
    </ClInclude>
    <ClInclude Include="DFS_BFS\2644.hpp">
      <Filter>DFS_BFS</Filter>
    </ClInclude>
    <ClInclude Include="문자열 처리\1764.hpp">
      <Filter>문자열 처리</Filter>
    </ClInclude>
    <ClInclude Include="다이나믹 프로그래밍\9656.hpp">
      <Filter>다이나믹 프로그래밍</Filter>
    </ClInclude>
    <ClInclude Include="구현\1063.hpp">
      <Filter>구현</Filter>
    </ClInclude>
    <ClInclude Include="14888.hpp">
      <Filter>브루트 포스</Filter>
    </ClInclude>
    <ClInclude Include="그래프이론\1197.hpp">
      <Filter>그래프이론</Filter>
    </ClInclude>
    <ClInclude Include="정렬\2108.hpp">
      <Filter>정렬</Filter>
    </ClInclude>
    <ClInclude Include="트리\11725.hpp">
      <Filter>트리</Filter>
    </ClInclude>
    <ClInclude Include="다이나믹 프로그래밍\17070.hpp">
      <Filter>다이나믹 프로그래밍</Filter>
    </ClInclude>
    <ClInclude Include="DFS_BFS\3055.hpp">
      <Filter>DFS_BFS</Filter>
    </ClInclude>
    <ClInclude Include="비트마스크\14889.hpp">
      <Filter>비트마스크</Filter>
    </ClInclude>
    <ClInclude Include="트리\1167.hpp">
      <Filter>트리</Filter>
    </ClInclude>
    <ClInclude Include="자료구조\3190.hpp">
      <Filter>자료구조</Filter>
    </ClInclude>
    <ClInclude Include="백트래킹\15649.hpp">
      <Filter>백트래킹</Filter>
    </ClInclude>
    <ClInclude Include="수학\10162.hpp">
      <Filter>수학</Filter>
    </ClInclude>
    <ClInclude Include="구현\10163.hpp">
      <Filter>구현</Filter>
    </ClInclude>
    <ClInclude Include="그리디 알고리즘\10165.hpp">
      <Filter>그리디 알고리즘</Filter>
    </ClInclude>
    <ClInclude Include="이분탐색\10816.hpp">
      <Filter>이분탐색</Filter>
    </ClInclude>
    <ClInclude Include="트리\1967.hpp">
      <Filter>트리</Filter>
    </ClInclude>
    <ClInclude Include="수학\9020.hpp">
      <Filter>수학</Filter>
    </ClInclude>
    <ClInclude Include="기하알고리즘\1004.hpp">
      <Filter>기하알고리즘</Filter>
    </ClInclude>
    <ClInclude Include="정렬\11652.hpp">
      <Filter>정렬</Filter>
    </ClInclude>
    <ClInclude Include="다이나믹 프로그래밍\9252.hpp">
      <Filter>다이나믹 프로그래밍</Filter>
    </ClInclude>
  </ItemGroup>
</Project>